// !$*UTF8*$!
{
	archiveVersion = 1;
	classes = {
	};
	objectVersion = 50;
	objects = {

/* Begin PBXBuildFile section */
		07300E95220287F20014AAF4 /* AppDelegate.m in Sources */ = {isa = PBXBuildFile; fileRef = 07300E94220287F20014AAF4 /* AppDelegate.m */; };
		07300E98220287F20014AAF4 /* ViewController.m in Sources */ = {isa = PBXBuildFile; fileRef = 07300E97220287F20014AAF4 /* ViewController.m */; };
		07300E9B220287F20014AAF4 /* Main.storyboard in Resources */ = {isa = PBXBuildFile; fileRef = 07300E99220287F20014AAF4 /* Main.storyboard */; };
		07300E9D220287F30014AAF4 /* Assets.xcassets in Resources */ = {isa = PBXBuildFile; fileRef = 07300E9C220287F30014AAF4 /* Assets.xcassets */; };
		07300EA0220287F30014AAF4 /* LaunchScreen.storyboard in Resources */ = {isa = PBXBuildFile; fileRef = 07300E9E220287F30014AAF4 /* LaunchScreen.storyboard */; };
		07300EA3220287F30014AAF4 /* main.m in Sources */ = {isa = PBXBuildFile; fileRef = 07300EA2220287F30014AAF4 /* main.m */; };
		07300EAD220287F30014AAF4 /* ExampleTests.m in Sources */ = {isa = PBXBuildFile; fileRef = 07300EAC220287F30014AAF4 /* ExampleTests.m */; };
		07300EE9220288FE0014AAF4 /* WMPanGestureRecognizer.m in Sources */ = {isa = PBXBuildFile; fileRef = 07300EB9220288FE0014AAF4 /* WMPanGestureRecognizer.m */; };
		07300EEA220288FE0014AAF4 /* WMPageController.m in Sources */ = {isa = PBXBuildFile; fileRef = 07300EBA220288FE0014AAF4 /* WMPageController.m */; };
		07300EEB220288FE0014AAF4 /* UIViewController+WMPageController.m in Sources */ = {isa = PBXBuildFile; fileRef = 07300EBB220288FE0014AAF4 /* UIViewController+WMPageController.m */; };
		07300EEC220288FE0014AAF4 /* WMMenuItem.m in Sources */ = {isa = PBXBuildFile; fileRef = 07300EC1220288FE0014AAF4 /* WMMenuItem.m */; };
		07300EED220288FE0014AAF4 /* WMScrollView.m in Sources */ = {isa = PBXBuildFile; fileRef = 07300EC2220288FE0014AAF4 /* WMScrollView.m */; };
		07300EEE220288FE0014AAF4 /* WMMenuView.m in Sources */ = {isa = PBXBuildFile; fileRef = 07300EC3220288FE0014AAF4 /* WMMenuView.m */; };
		07300EEF220288FE0014AAF4 /* WMProgressView.m in Sources */ = {isa = PBXBuildFile; fileRef = 07300EC4220288FE0014AAF4 /* WMProgressView.m */; };
		07300EF0220288FE0014AAF4 /* HXTagCollectionViewCell.m in Sources */ = {isa = PBXBuildFile; fileRef = 07300EC9220288FE0014AAF4 /* HXTagCollectionViewCell.m */; };
		07300EF1220288FE0014AAF4 /* HXTagsView.m in Sources */ = {isa = PBXBuildFile; fileRef = 07300ECB220288FE0014AAF4 /* HXTagsView.m */; };
		07300EF2220288FE0014AAF4 /* HXTagsCell.m in Sources */ = {isa = PBXBuildFile; fileRef = 07300ECC220288FE0014AAF4 /* HXTagsCell.m */; };
		07300EF3220288FE0014AAF4 /* HXTagAttribute.m in Sources */ = {isa = PBXBuildFile; fileRef = 07300ECE220288FE0014AAF4 /* HXTagAttribute.m */; };
		07300EF4220288FE0014AAF4 /* HXTagCollectionViewFlowLayout.m in Sources */ = {isa = PBXBuildFile; fileRef = 07300ED1220288FE0014AAF4 /* HXTagCollectionViewFlowLayout.m */; };
		07300EF5220288FE0014AAF4 /* KLTextView.m in Sources */ = {isa = PBXBuildFile; fileRef = 07300ED5220288FE0014AAF4 /* KLTextView.m */; };
		07300EF6220288FE0014AAF4 /* SDCycleScrollView.m in Sources */ = {isa = PBXBuildFile; fileRef = 07300EDA220288FE0014AAF4 /* SDCycleScrollView.m */; };
		07300EF7220288FE0014AAF4 /* UIView+SDExtension.m in Sources */ = {isa = PBXBuildFile; fileRef = 07300EDB220288FE0014AAF4 /* UIView+SDExtension.m */; };
		07300EF8220288FE0014AAF4 /* SDCollectionViewCell.m in Sources */ = {isa = PBXBuildFile; fileRef = 07300EDC220288FE0014AAF4 /* SDCollectionViewCell.m */; };
		07300EF9220288FE0014AAF4 /* TADotView.m in Sources */ = {isa = PBXBuildFile; fileRef = 07300EDF220288FE0014AAF4 /* TADotView.m */; };
		07300EFA220288FE0014AAF4 /* TAPageControl.m in Sources */ = {isa = PBXBuildFile; fileRef = 07300EE0220288FE0014AAF4 /* TAPageControl.m */; };
		07300EFB220288FE0014AAF4 /* TAAnimatedDotView.m in Sources */ = {isa = PBXBuildFile; fileRef = 07300EE1220288FE0014AAF4 /* TAAnimatedDotView.m */; };
		07300EFC220288FE0014AAF4 /* TAAbstractDotView.m in Sources */ = {isa = PBXBuildFile; fileRef = 07300EE2220288FE0014AAF4 /* TAAbstractDotView.m */; };
		07300EFD220288FE0014AAF4 /* LLFullScreenAdView.m in Sources */ = {isa = PBXBuildFile; fileRef = 07300EE8220288FE0014AAF4 /* LLFullScreenAdView.m */; };
		07300F5D2202DD810014AAF4 /* YBImageBrowser.m in Sources */ = {isa = PBXBuildFile; fileRef = 07300F212202DD810014AAF4 /* YBImageBrowser.m */; };
		07300F5E2202DD810014AAF4 /* YBVideoBrowseCell.m in Sources */ = {isa = PBXBuildFile; fileRef = 07300F2A2202DD810014AAF4 /* YBVideoBrowseCell.m */; };
		07300F5F2202DD810014AAF4 /* YBVideoBrowseActionBar.m in Sources */ = {isa = PBXBuildFile; fileRef = 07300F2C2202DD810014AAF4 /* YBVideoBrowseActionBar.m */; };
		07300F602202DD810014AAF4 /* YBVideoBrowseTopBar.m in Sources */ = {isa = PBXBuildFile; fileRef = 07300F302202DD810014AAF4 /* YBVideoBrowseTopBar.m */; };
		07300F612202DD810014AAF4 /* YBVideoBrowseCellData.m in Sources */ = {isa = PBXBuildFile; fileRef = 07300F312202DD810014AAF4 /* YBVideoBrowseCellData.m */; };
		07300F622202DD810014AAF4 /* YBImageBrowserProgressView.m in Sources */ = {isa = PBXBuildFile; fileRef = 07300F342202DD810014AAF4 /* YBImageBrowserProgressView.m */; };
		07300F632202DD810014AAF4 /* YBImageBrowserToolBar.m in Sources */ = {isa = PBXBuildFile; fileRef = 07300F352202DD810014AAF4 /* YBImageBrowserToolBar.m */; };
		07300F642202DD810014AAF4 /* YBImageBrowserTipView.m in Sources */ = {isa = PBXBuildFile; fileRef = 07300F392202DD810014AAF4 /* YBImageBrowserTipView.m */; };
		07300F652202DD810014AAF4 /* YBImageBrowserSheetView.m in Sources */ = {isa = PBXBuildFile; fileRef = 07300F3B2202DD810014AAF4 /* YBImageBrowserSheetView.m */; };
		07300F662202DD810014AAF4 /* YBImage.m in Sources */ = {isa = PBXBuildFile; fileRef = 07300F3D2202DD810014AAF4 /* YBImage.m */; };
		07300F672202DD810014AAF4 /* YBImageBrowseCellData.m in Sources */ = {isa = PBXBuildFile; fileRef = 07300F3E2202DD810014AAF4 /* YBImageBrowseCellData.m */; };
		07300F682202DD810014AAF4 /* YBImageBrowseCell.m in Sources */ = {isa = PBXBuildFile; fileRef = 07300F432202DD810014AAF4 /* YBImageBrowseCell.m */; };
		07300F692202DD810014AAF4 /* YBIBWebImageManager.m in Sources */ = {isa = PBXBuildFile; fileRef = 07300F492202DD810014AAF4 /* YBIBWebImageManager.m */; };
		07300F6A2202DD810014AAF4 /* YBIBFileManager.m in Sources */ = {isa = PBXBuildFile; fileRef = 07300F4D2202DD810014AAF4 /* YBIBFileManager.m */; };
		07300F6B2202DD810014AAF4 /* YBIBCopywriter.m in Sources */ = {isa = PBXBuildFile; fileRef = 07300F4E2202DD810014AAF4 /* YBIBCopywriter.m */; };
		07300F6C2202DD810014AAF4 /* YBIBUtilities.m in Sources */ = {isa = PBXBuildFile; fileRef = 07300F4F2202DD810014AAF4 /* YBIBUtilities.m */; };
		07300F6D2202DD810014AAF4 /* YBIBLayoutDirectionManager.m in Sources */ = {isa = PBXBuildFile; fileRef = 07300F502202DD810014AAF4 /* YBIBLayoutDirectionManager.m */; };
		07300F6E2202DD810014AAF4 /* YBIBPhotoAlbumManager.m in Sources */ = {isa = PBXBuildFile; fileRef = 07300F512202DD810014AAF4 /* YBIBPhotoAlbumManager.m */; };
		07300F6F2202DD810014AAF4 /* YBIBTransitionManager.m in Sources */ = {isa = PBXBuildFile; fileRef = 07300F532202DD810014AAF4 /* YBIBTransitionManager.m */; };
		07300F702202DD810014AAF4 /* YBIBGestureInteractionProfile.m in Sources */ = {isa = PBXBuildFile; fileRef = 07300F542202DD810014AAF4 /* YBIBGestureInteractionProfile.m */; };
		07300F712202DD810014AAF4 /* YBImageBrowserView.m in Sources */ = {isa = PBXBuildFile; fileRef = 07300F562202DD810014AAF4 /* YBImageBrowserView.m */; };
		07300F722202DD810014AAF4 /* YBImageBrowserViewLayout.m in Sources */ = {isa = PBXBuildFile; fileRef = 07300F5A2202DD810014AAF4 /* YBImageBrowserViewLayout.m */; };
		07300F732202DD810014AAF4 /* YBImageBrowser.bundle in Resources */ = {isa = PBXBuildFile; fileRef = 07300F5C2202DD810014AAF4 /* YBImageBrowser.bundle */; };
		4808C58BE5E12F46BE112313 /* libPods-ExampleTests.a in Frameworks */ = {isa = PBXBuildFile; fileRef = 04C3D3499A8B71D4BF73B6B8 /* libPods-ExampleTests.a */; };
		F693B9599899288E09E2B050 /* libPods-Example.a in Frameworks */ = {isa = PBXBuildFile; fileRef = 90696F5A89B593D57BCBF6E3 /* libPods-Example.a */; };
/* End PBXBuildFile section */

/* Begin PBXContainerItemProxy section */
		07300EA9220287F30014AAF4 /* PBXContainerItemProxy */ = {
			isa = PBXContainerItemProxy;
			containerPortal = 07300E88220287F20014AAF4 /* Project object */;
			proxyType = 1;
			remoteGlobalIDString = 07300E8F220287F20014AAF4;
			remoteInfo = Example;
		};
/* End PBXContainerItemProxy section */

/* Begin PBXFileReference section */
		04C3D3499A8B71D4BF73B6B8 /* libPods-ExampleTests.a */ = {isa = PBXFileReference; explicitFileType = archive.ar; includeInIndex = 0; path = "libPods-ExampleTests.a"; sourceTree = BUILT_PRODUCTS_DIR; };
		07300E90220287F20014AAF4 /* Example.app */ = {isa = PBXFileReference; explicitFileType = wrapper.application; includeInIndex = 0; path = Example.app; sourceTree = BUILT_PRODUCTS_DIR; };
		07300E93220287F20014AAF4 /* AppDelegate.h */ = {isa = PBXFileReference; lastKnownFileType = sourcecode.c.h; path = AppDelegate.h; sourceTree = "<group>"; };
		07300E94220287F20014AAF4 /* AppDelegate.m */ = {isa = PBXFileReference; lastKnownFileType = sourcecode.c.objc; path = AppDelegate.m; sourceTree = "<group>"; };
		07300E96220287F20014AAF4 /* ViewController.h */ = {isa = PBXFileReference; lastKnownFileType = sourcecode.c.h; path = ViewController.h; sourceTree = "<group>"; };
		07300E97220287F20014AAF4 /* ViewController.m */ = {isa = PBXFileReference; lastKnownFileType = sourcecode.c.objc; path = ViewController.m; sourceTree = "<group>"; };
		07300E9A220287F20014AAF4 /* Base */ = {isa = PBXFileReference; lastKnownFileType = file.storyboard; name = Base; path = Base.lproj/Main.storyboard; sourceTree = "<group>"; };
		07300E9C220287F30014AAF4 /* Assets.xcassets */ = {isa = PBXFileReference; lastKnownFileType = folder.assetcatalog; path = Assets.xcassets; sourceTree = "<group>"; };
		07300E9F220287F30014AAF4 /* Base */ = {isa = PBXFileReference; lastKnownFileType = file.storyboard; name = Base; path = Base.lproj/LaunchScreen.storyboard; sourceTree = "<group>"; };
		07300EA1220287F30014AAF4 /* Info.plist */ = {isa = PBXFileReference; lastKnownFileType = text.plist.xml; path = Info.plist; sourceTree = "<group>"; };
		07300EA2220287F30014AAF4 /* main.m */ = {isa = PBXFileReference; lastKnownFileType = sourcecode.c.objc; path = main.m; sourceTree = "<group>"; };
		07300EA8220287F30014AAF4 /* ExampleTests.xctest */ = {isa = PBXFileReference; explicitFileType = wrapper.cfbundle; includeInIndex = 0; path = ExampleTests.xctest; sourceTree = BUILT_PRODUCTS_DIR; };
		07300EAC220287F30014AAF4 /* ExampleTests.m */ = {isa = PBXFileReference; lastKnownFileType = sourcecode.c.objc; path = ExampleTests.m; sourceTree = "<group>"; };
		07300EAE220287F30014AAF4 /* Info.plist */ = {isa = PBXFileReference; lastKnownFileType = text.plist.xml; path = Info.plist; sourceTree = "<group>"; };
		07300EB9220288FE0014AAF4 /* WMPanGestureRecognizer.m */ = {isa = PBXFileReference; fileEncoding = 4; lastKnownFileType = sourcecode.c.objc; path = WMPanGestureRecognizer.m; sourceTree = "<group>"; };
		07300EBA220288FE0014AAF4 /* WMPageController.m */ = {isa = PBXFileReference; fileEncoding = 4; lastKnownFileType = sourcecode.c.objc; path = WMPageController.m; sourceTree = "<group>"; };
		07300EBB220288FE0014AAF4 /* UIViewController+WMPageController.m */ = {isa = PBXFileReference; fileEncoding = 4; lastKnownFileType = sourcecode.c.objc; path = "UIViewController+WMPageController.m"; sourceTree = "<group>"; };
		07300EBD220288FE0014AAF4 /* WMScrollView.h */ = {isa = PBXFileReference; fileEncoding = 4; lastKnownFileType = sourcecode.c.h; path = WMScrollView.h; sourceTree = "<group>"; };
		07300EBE220288FE0014AAF4 /* WMMenuItem.h */ = {isa = PBXFileReference; fileEncoding = 4; lastKnownFileType = sourcecode.c.h; path = WMMenuItem.h; sourceTree = "<group>"; };
		07300EBF220288FE0014AAF4 /* WMMenuView.h */ = {isa = PBXFileReference; fileEncoding = 4; lastKnownFileType = sourcecode.c.h; path = WMMenuView.h; sourceTree = "<group>"; };
		07300EC0220288FE0014AAF4 /* WMProgressView.h */ = {isa = PBXFileReference; fileEncoding = 4; lastKnownFileType = sourcecode.c.h; path = WMProgressView.h; sourceTree = "<group>"; };
		07300EC1220288FE0014AAF4 /* WMMenuItem.m */ = {isa = PBXFileReference; fileEncoding = 4; lastKnownFileType = sourcecode.c.objc; path = WMMenuItem.m; sourceTree = "<group>"; };
		07300EC2220288FE0014AAF4 /* WMScrollView.m */ = {isa = PBXFileReference; fileEncoding = 4; lastKnownFileType = sourcecode.c.objc; path = WMScrollView.m; sourceTree = "<group>"; };
		07300EC3220288FE0014AAF4 /* WMMenuView.m */ = {isa = PBXFileReference; fileEncoding = 4; lastKnownFileType = sourcecode.c.objc; path = WMMenuView.m; sourceTree = "<group>"; };
		07300EC4220288FE0014AAF4 /* WMProgressView.m */ = {isa = PBXFileReference; fileEncoding = 4; lastKnownFileType = sourcecode.c.objc; path = WMProgressView.m; sourceTree = "<group>"; };
		07300EC5220288FE0014AAF4 /* WMPanGestureRecognizer.h */ = {isa = PBXFileReference; fileEncoding = 4; lastKnownFileType = sourcecode.c.h; path = WMPanGestureRecognizer.h; sourceTree = "<group>"; };
		07300EC6220288FE0014AAF4 /* WMPageController.h */ = {isa = PBXFileReference; fileEncoding = 4; lastKnownFileType = sourcecode.c.h; path = WMPageController.h; sourceTree = "<group>"; };
		07300EC7220288FE0014AAF4 /* UIViewController+WMPageController.h */ = {isa = PBXFileReference; fileEncoding = 4; lastKnownFileType = sourcecode.c.h; path = "UIViewController+WMPageController.h"; sourceTree = "<group>"; };
		07300EC9220288FE0014AAF4 /* HXTagCollectionViewCell.m */ = {isa = PBXFileReference; fileEncoding = 4; lastKnownFileType = sourcecode.c.objc; path = HXTagCollectionViewCell.m; sourceTree = "<group>"; };
		07300ECA220288FE0014AAF4 /* HXTagAttribute.h */ = {isa = PBXFileReference; fileEncoding = 4; lastKnownFileType = sourcecode.c.h; path = HXTagAttribute.h; sourceTree = "<group>"; };
		07300ECB220288FE0014AAF4 /* HXTagsView.m */ = {isa = PBXFileReference; fileEncoding = 4; lastKnownFileType = sourcecode.c.objc; path = HXTagsView.m; sourceTree = "<group>"; };
		07300ECC220288FE0014AAF4 /* HXTagsCell.m */ = {isa = PBXFileReference; fileEncoding = 4; lastKnownFileType = sourcecode.c.objc; path = HXTagsCell.m; sourceTree = "<group>"; };
		07300ECD220288FE0014AAF4 /* HXTagCollectionViewFlowLayout.h */ = {isa = PBXFileReference; fileEncoding = 4; lastKnownFileType = sourcecode.c.h; path = HXTagCollectionViewFlowLayout.h; sourceTree = "<group>"; };
		07300ECE220288FE0014AAF4 /* HXTagAttribute.m */ = {isa = PBXFileReference; fileEncoding = 4; lastKnownFileType = sourcecode.c.objc; path = HXTagAttribute.m; sourceTree = "<group>"; };
		07300ECF220288FE0014AAF4 /* HXTagCollectionViewCell.h */ = {isa = PBXFileReference; fileEncoding = 4; lastKnownFileType = sourcecode.c.h; path = HXTagCollectionViewCell.h; sourceTree = "<group>"; };
		07300ED0220288FE0014AAF4 /* HXTagsView.h */ = {isa = PBXFileReference; fileEncoding = 4; lastKnownFileType = sourcecode.c.h; path = HXTagsView.h; sourceTree = "<group>"; };
		07300ED1220288FE0014AAF4 /* HXTagCollectionViewFlowLayout.m */ = {isa = PBXFileReference; fileEncoding = 4; lastKnownFileType = sourcecode.c.objc; path = HXTagCollectionViewFlowLayout.m; sourceTree = "<group>"; };
		07300ED2220288FE0014AAF4 /* HXTagsCell.h */ = {isa = PBXFileReference; fileEncoding = 4; lastKnownFileType = sourcecode.c.h; path = HXTagsCell.h; sourceTree = "<group>"; };
		07300ED4220288FE0014AAF4 /* KLTextView.h */ = {isa = PBXFileReference; fileEncoding = 4; lastKnownFileType = sourcecode.c.h; path = KLTextView.h; sourceTree = "<group>"; };
		07300ED5220288FE0014AAF4 /* KLTextView.m */ = {isa = PBXFileReference; fileEncoding = 4; lastKnownFileType = sourcecode.c.objc; path = KLTextView.m; sourceTree = "<group>"; };
		07300ED7220288FE0014AAF4 /* UIView+SDExtension.h */ = {isa = PBXFileReference; fileEncoding = 4; lastKnownFileType = sourcecode.c.h; path = "UIView+SDExtension.h"; sourceTree = "<group>"; };
		07300ED8220288FE0014AAF4 /* SDCycleScrollView.h */ = {isa = PBXFileReference; fileEncoding = 4; lastKnownFileType = sourcecode.c.h; path = SDCycleScrollView.h; sourceTree = "<group>"; };
		07300ED9220288FE0014AAF4 /* SDCollectionViewCell.h */ = {isa = PBXFileReference; fileEncoding = 4; lastKnownFileType = sourcecode.c.h; path = SDCollectionViewCell.h; sourceTree = "<group>"; };
		07300EDA220288FE0014AAF4 /* SDCycleScrollView.m */ = {isa = PBXFileReference; fileEncoding = 4; lastKnownFileType = sourcecode.c.objc; path = SDCycleScrollView.m; sourceTree = "<group>"; };
		07300EDB220288FE0014AAF4 /* UIView+SDExtension.m */ = {isa = PBXFileReference; fileEncoding = 4; lastKnownFileType = sourcecode.c.objc; path = "UIView+SDExtension.m"; sourceTree = "<group>"; };
		07300EDC220288FE0014AAF4 /* SDCollectionViewCell.m */ = {isa = PBXFileReference; fileEncoding = 4; lastKnownFileType = sourcecode.c.objc; path = SDCollectionViewCell.m; sourceTree = "<group>"; };
		07300EDE220288FE0014AAF4 /* TAAbstractDotView.h */ = {isa = PBXFileReference; fileEncoding = 4; lastKnownFileType = sourcecode.c.h; path = TAAbstractDotView.h; sourceTree = "<group>"; };
		07300EDF220288FE0014AAF4 /* TADotView.m */ = {isa = PBXFileReference; fileEncoding = 4; lastKnownFileType = sourcecode.c.objc; path = TADotView.m; sourceTree = "<group>"; };
		07300EE0220288FE0014AAF4 /* TAPageControl.m */ = {isa = PBXFileReference; fileEncoding = 4; lastKnownFileType = sourcecode.c.objc; path = TAPageControl.m; sourceTree = "<group>"; };
		07300EE1220288FE0014AAF4 /* TAAnimatedDotView.m */ = {isa = PBXFileReference; fileEncoding = 4; lastKnownFileType = sourcecode.c.objc; path = TAAnimatedDotView.m; sourceTree = "<group>"; };
		07300EE2220288FE0014AAF4 /* TAAbstractDotView.m */ = {isa = PBXFileReference; fileEncoding = 4; lastKnownFileType = sourcecode.c.objc; path = TAAbstractDotView.m; sourceTree = "<group>"; };
		07300EE3220288FE0014AAF4 /* TADotView.h */ = {isa = PBXFileReference; fileEncoding = 4; lastKnownFileType = sourcecode.c.h; path = TADotView.h; sourceTree = "<group>"; };
		07300EE4220288FE0014AAF4 /* TAAnimatedDotView.h */ = {isa = PBXFileReference; fileEncoding = 4; lastKnownFileType = sourcecode.c.h; path = TAAnimatedDotView.h; sourceTree = "<group>"; };
		07300EE5220288FE0014AAF4 /* TAPageControl.h */ = {isa = PBXFileReference; fileEncoding = 4; lastKnownFileType = sourcecode.c.h; path = TAPageControl.h; sourceTree = "<group>"; };
		07300EE7220288FE0014AAF4 /* LLFullScreenAdView.h */ = {isa = PBXFileReference; fileEncoding = 4; lastKnownFileType = sourcecode.c.h; path = LLFullScreenAdView.h; sourceTree = "<group>"; };
		07300EE8220288FE0014AAF4 /* LLFullScreenAdView.m */ = {isa = PBXFileReference; fileEncoding = 4; lastKnownFileType = sourcecode.c.objc; path = LLFullScreenAdView.m; sourceTree = "<group>"; };
		07300F212202DD810014AAF4 /* YBImageBrowser.m */ = {isa = PBXFileReference; fileEncoding = 4; lastKnownFileType = sourcecode.c.objc; path = YBImageBrowser.m; sourceTree = "<group>"; };
		07300F232202DD810014AAF4 /* YBImageBrowserSheetViewProtocol.h */ = {isa = PBXFileReference; fileEncoding = 4; lastKnownFileType = sourcecode.c.h; path = YBImageBrowserSheetViewProtocol.h; sourceTree = "<group>"; };
		07300F242202DD810014AAF4 /* YBImageBrowserCellDataProtocol.h */ = {isa = PBXFileReference; fileEncoding = 4; lastKnownFileType = sourcecode.c.h; path = YBImageBrowserCellDataProtocol.h; sourceTree = "<group>"; };
		07300F252202DD810014AAF4 /* YBImageBrowserToolBarProtocol.h */ = {isa = PBXFileReference; fileEncoding = 4; lastKnownFileType = sourcecode.c.h; path = YBImageBrowserToolBarProtocol.h; sourceTree = "<group>"; };
		07300F262202DD810014AAF4 /* YBImageBrowserDataSource.h */ = {isa = PBXFileReference; fileEncoding = 4; lastKnownFileType = sourcecode.c.h; path = YBImageBrowserDataSource.h; sourceTree = "<group>"; };
		07300F272202DD810014AAF4 /* YBImageBrowserCellProtocol.h */ = {isa = PBXFileReference; fileEncoding = 4; lastKnownFileType = sourcecode.c.h; path = YBImageBrowserCellProtocol.h; sourceTree = "<group>"; };
		07300F282202DD810014AAF4 /* YBImageBrowserDelegate.h */ = {isa = PBXFileReference; fileEncoding = 4; lastKnownFileType = sourcecode.c.h; path = YBImageBrowserDelegate.h; sourceTree = "<group>"; };
		07300F2A2202DD810014AAF4 /* YBVideoBrowseCell.m */ = {isa = PBXFileReference; fileEncoding = 4; lastKnownFileType = sourcecode.c.objc; path = YBVideoBrowseCell.m; sourceTree = "<group>"; };
		07300F2B2202DD810014AAF4 /* YBVideoBrowseCellData.h */ = {isa = PBXFileReference; fileEncoding = 4; lastKnownFileType = sourcecode.c.h; path = YBVideoBrowseCellData.h; sourceTree = "<group>"; };
		07300F2C2202DD810014AAF4 /* YBVideoBrowseActionBar.m */ = {isa = PBXFileReference; fileEncoding = 4; lastKnownFileType = sourcecode.c.objc; path = YBVideoBrowseActionBar.m; sourceTree = "<group>"; };
		07300F2D2202DD810014AAF4 /* YBVideoBrowseTopBar.h */ = {isa = PBXFileReference; fileEncoding = 4; lastKnownFileType = sourcecode.c.h; path = YBVideoBrowseTopBar.h; sourceTree = "<group>"; };
		07300F2E2202DD810014AAF4 /* YBVideoBrowseCellData+Internal.h */ = {isa = PBXFileReference; fileEncoding = 4; lastKnownFileType = sourcecode.c.h; path = "YBVideoBrowseCellData+Internal.h"; sourceTree = "<group>"; };
		07300F2F2202DD810014AAF4 /* YBVideoBrowseCell.h */ = {isa = PBXFileReference; fileEncoding = 4; lastKnownFileType = sourcecode.c.h; path = YBVideoBrowseCell.h; sourceTree = "<group>"; };
		07300F302202DD810014AAF4 /* YBVideoBrowseTopBar.m */ = {isa = PBXFileReference; fileEncoding = 4; lastKnownFileType = sourcecode.c.objc; path = YBVideoBrowseTopBar.m; sourceTree = "<group>"; };
		07300F312202DD810014AAF4 /* YBVideoBrowseCellData.m */ = {isa = PBXFileReference; fileEncoding = 4; lastKnownFileType = sourcecode.c.objc; path = YBVideoBrowseCellData.m; sourceTree = "<group>"; };
		07300F322202DD810014AAF4 /* YBVideoBrowseActionBar.h */ = {isa = PBXFileReference; fileEncoding = 4; lastKnownFileType = sourcecode.c.h; path = YBVideoBrowseActionBar.h; sourceTree = "<group>"; };
		07300F342202DD810014AAF4 /* YBImageBrowserProgressView.m */ = {isa = PBXFileReference; fileEncoding = 4; lastKnownFileType = sourcecode.c.objc; path = YBImageBrowserProgressView.m; sourceTree = "<group>"; };
		07300F352202DD810014AAF4 /* YBImageBrowserToolBar.m */ = {isa = PBXFileReference; fileEncoding = 4; lastKnownFileType = sourcecode.c.objc; path = YBImageBrowserToolBar.m; sourceTree = "<group>"; };
		07300F362202DD810014AAF4 /* YBImageBrowserTipView.h */ = {isa = PBXFileReference; fileEncoding = 4; lastKnownFileType = sourcecode.c.h; path = YBImageBrowserTipView.h; sourceTree = "<group>"; };
		07300F372202DD810014AAF4 /* YBImageBrowserSheetView.h */ = {isa = PBXFileReference; fileEncoding = 4; lastKnownFileType = sourcecode.c.h; path = YBImageBrowserSheetView.h; sourceTree = "<group>"; };
		07300F382202DD810014AAF4 /* YBImageBrowserProgressView.h */ = {isa = PBXFileReference; fileEncoding = 4; lastKnownFileType = sourcecode.c.h; path = YBImageBrowserProgressView.h; sourceTree = "<group>"; };
		07300F392202DD810014AAF4 /* YBImageBrowserTipView.m */ = {isa = PBXFileReference; fileEncoding = 4; lastKnownFileType = sourcecode.c.objc; path = YBImageBrowserTipView.m; sourceTree = "<group>"; };
		07300F3A2202DD810014AAF4 /* YBImageBrowserToolBar.h */ = {isa = PBXFileReference; fileEncoding = 4; lastKnownFileType = sourcecode.c.h; path = YBImageBrowserToolBar.h; sourceTree = "<group>"; };
		07300F3B2202DD810014AAF4 /* YBImageBrowserSheetView.m */ = {isa = PBXFileReference; fileEncoding = 4; lastKnownFileType = sourcecode.c.objc; path = YBImageBrowserSheetView.m; sourceTree = "<group>"; };
		07300F3D2202DD810014AAF4 /* YBImage.m */ = {isa = PBXFileReference; fileEncoding = 4; lastKnownFileType = sourcecode.c.objc; path = YBImage.m; sourceTree = "<group>"; };
		07300F3E2202DD810014AAF4 /* YBImageBrowseCellData.m */ = {isa = PBXFileReference; fileEncoding = 4; lastKnownFileType = sourcecode.c.objc; path = YBImageBrowseCellData.m; sourceTree = "<group>"; };
		07300F3F2202DD810014AAF4 /* YBImageBrowseCellData+Internal.h */ = {isa = PBXFileReference; fileEncoding = 4; lastKnownFileType = sourcecode.c.h; path = "YBImageBrowseCellData+Internal.h"; sourceTree = "<group>"; };
		07300F402202DD810014AAF4 /* YBImageBrowseCell.h */ = {isa = PBXFileReference; fileEncoding = 4; lastKnownFileType = sourcecode.c.h; path = YBImageBrowseCell.h; sourceTree = "<group>"; };
		07300F412202DD810014AAF4 /* YBImage.h */ = {isa = PBXFileReference; fileEncoding = 4; lastKnownFileType = sourcecode.c.h; path = YBImage.h; sourceTree = "<group>"; };
		07300F422202DD810014AAF4 /* YBImageBrowseCellData.h */ = {isa = PBXFileReference; fileEncoding = 4; lastKnownFileType = sourcecode.c.h; path = YBImageBrowseCellData.h; sourceTree = "<group>"; };
		07300F432202DD810014AAF4 /* YBImageBrowseCell.m */ = {isa = PBXFileReference; fileEncoding = 4; lastKnownFileType = sourcecode.c.objc; path = YBImageBrowseCell.m; sourceTree = "<group>"; };
		07300F452202DD810014AAF4 /* YBIBFileManager.h */ = {isa = PBXFileReference; fileEncoding = 4; lastKnownFileType = sourcecode.c.h; path = YBIBFileManager.h; sourceTree = "<group>"; };
		07300F462202DD810014AAF4 /* YBIBLayoutDirectionManager.h */ = {isa = PBXFileReference; fileEncoding = 4; lastKnownFileType = sourcecode.c.h; path = YBIBLayoutDirectionManager.h; sourceTree = "<group>"; };
		07300F472202DD810014AAF4 /* YBIBCopywriter.h */ = {isa = PBXFileReference; fileEncoding = 4; lastKnownFileType = sourcecode.c.h; path = YBIBCopywriter.h; sourceTree = "<group>"; };
		07300F482202DD810014AAF4 /* YBIBUtilities.h */ = {isa = PBXFileReference; fileEncoding = 4; lastKnownFileType = sourcecode.c.h; path = YBIBUtilities.h; sourceTree = "<group>"; };
		07300F492202DD810014AAF4 /* YBIBWebImageManager.m */ = {isa = PBXFileReference; fileEncoding = 4; lastKnownFileType = sourcecode.c.objc; path = YBIBWebImageManager.m; sourceTree = "<group>"; };
		07300F4A2202DD810014AAF4 /* YBIBPhotoAlbumManager.h */ = {isa = PBXFileReference; fileEncoding = 4; lastKnownFileType = sourcecode.c.h; path = YBIBPhotoAlbumManager.h; sourceTree = "<group>"; };
		07300F4B2202DD810014AAF4 /* YBIBTransitionManager.h */ = {isa = PBXFileReference; fileEncoding = 4; lastKnownFileType = sourcecode.c.h; path = YBIBTransitionManager.h; sourceTree = "<group>"; };
		07300F4C2202DD810014AAF4 /* YBIBGestureInteractionProfile.h */ = {isa = PBXFileReference; fileEncoding = 4; lastKnownFileType = sourcecode.c.h; path = YBIBGestureInteractionProfile.h; sourceTree = "<group>"; };
		07300F4D2202DD810014AAF4 /* YBIBFileManager.m */ = {isa = PBXFileReference; fileEncoding = 4; lastKnownFileType = sourcecode.c.objc; path = YBIBFileManager.m; sourceTree = "<group>"; };
		07300F4E2202DD810014AAF4 /* YBIBCopywriter.m */ = {isa = PBXFileReference; fileEncoding = 4; lastKnownFileType = sourcecode.c.objc; path = YBIBCopywriter.m; sourceTree = "<group>"; };
		07300F4F2202DD810014AAF4 /* YBIBUtilities.m */ = {isa = PBXFileReference; fileEncoding = 4; lastKnownFileType = sourcecode.c.objc; path = YBIBUtilities.m; sourceTree = "<group>"; };
		07300F502202DD810014AAF4 /* YBIBLayoutDirectionManager.m */ = {isa = PBXFileReference; fileEncoding = 4; lastKnownFileType = sourcecode.c.objc; path = YBIBLayoutDirectionManager.m; sourceTree = "<group>"; };
		07300F512202DD810014AAF4 /* YBIBPhotoAlbumManager.m */ = {isa = PBXFileReference; fileEncoding = 4; lastKnownFileType = sourcecode.c.objc; path = YBIBPhotoAlbumManager.m; sourceTree = "<group>"; };
		07300F522202DD810014AAF4 /* YBIBWebImageManager.h */ = {isa = PBXFileReference; fileEncoding = 4; lastKnownFileType = sourcecode.c.h; path = YBIBWebImageManager.h; sourceTree = "<group>"; };
		07300F532202DD810014AAF4 /* YBIBTransitionManager.m */ = {isa = PBXFileReference; fileEncoding = 4; lastKnownFileType = sourcecode.c.objc; path = YBIBTransitionManager.m; sourceTree = "<group>"; };
		07300F542202DD810014AAF4 /* YBIBGestureInteractionProfile.m */ = {isa = PBXFileReference; fileEncoding = 4; lastKnownFileType = sourcecode.c.objc; path = YBIBGestureInteractionProfile.m; sourceTree = "<group>"; };
		07300F562202DD810014AAF4 /* YBImageBrowserView.m */ = {isa = PBXFileReference; fileEncoding = 4; lastKnownFileType = sourcecode.c.objc; path = YBImageBrowserView.m; sourceTree = "<group>"; };
		07300F572202DD810014AAF4 /* YBImageBrowser+Internal.h */ = {isa = PBXFileReference; fileEncoding = 4; lastKnownFileType = sourcecode.c.h; path = "YBImageBrowser+Internal.h"; sourceTree = "<group>"; };
		07300F582202DD810014AAF4 /* YBImageBrowserViewLayout.h */ = {isa = PBXFileReference; fileEncoding = 4; lastKnownFileType = sourcecode.c.h; path = YBImageBrowserViewLayout.h; sourceTree = "<group>"; };
		07300F592202DD810014AAF4 /* YBImageBrowserView.h */ = {isa = PBXFileReference; fileEncoding = 4; lastKnownFileType = sourcecode.c.h; path = YBImageBrowserView.h; sourceTree = "<group>"; };
		07300F5A2202DD810014AAF4 /* YBImageBrowserViewLayout.m */ = {isa = PBXFileReference; fileEncoding = 4; lastKnownFileType = sourcecode.c.objc; path = YBImageBrowserViewLayout.m; sourceTree = "<group>"; };
		07300F5B2202DD810014AAF4 /* YBImageBrowser.h */ = {isa = PBXFileReference; fileEncoding = 4; lastKnownFileType = sourcecode.c.h; path = YBImageBrowser.h; sourceTree = "<group>"; };
		07300F5C2202DD810014AAF4 /* YBImageBrowser.bundle */ = {isa = PBXFileReference; lastKnownFileType = "wrapper.plug-in"; path = YBImageBrowser.bundle; sourceTree = "<group>"; };
		3739A77DA9DEF4DABCA9432F /* Pods-ExampleTests.debug.xcconfig */ = {isa = PBXFileReference; includeInIndex = 1; lastKnownFileType = text.xcconfig; name = "Pods-ExampleTests.debug.xcconfig"; path = "Pods/Target Support Files/Pods-ExampleTests/Pods-ExampleTests.debug.xcconfig"; sourceTree = "<group>"; };
		74BDCE3FFCE80F77F0E9906E /* Pods-Example.debug.xcconfig */ = {isa = PBXFileReference; includeInIndex = 1; lastKnownFileType = text.xcconfig; name = "Pods-Example.debug.xcconfig"; path = "Pods/Target Support Files/Pods-Example/Pods-Example.debug.xcconfig"; sourceTree = "<group>"; };
		85CE0DD14E69E87604F1EF2E /* Pods-Example.release.xcconfig */ = {isa = PBXFileReference; includeInIndex = 1; lastKnownFileType = text.xcconfig; name = "Pods-Example.release.xcconfig"; path = "Pods/Target Support Files/Pods-Example/Pods-Example.release.xcconfig"; sourceTree = "<group>"; };
		90696F5A89B593D57BCBF6E3 /* libPods-Example.a */ = {isa = PBXFileReference; explicitFileType = archive.ar; includeInIndex = 0; path = "libPods-Example.a"; sourceTree = BUILT_PRODUCTS_DIR; };
		92300F27ED6804EF94F5CEEE /* Pods-ExampleTests.release.xcconfig */ = {isa = PBXFileReference; includeInIndex = 1; lastKnownFileType = text.xcconfig; name = "Pods-ExampleTests.release.xcconfig"; path = "Pods/Target Support Files/Pods-ExampleTests/Pods-ExampleTests.release.xcconfig"; sourceTree = "<group>"; };
/* End PBXFileReference section */

/* Begin PBXFrameworksBuildPhase section */
		07300E8D220287F20014AAF4 /* Frameworks */ = {
			isa = PBXFrameworksBuildPhase;
			buildActionMask = 2147483647;
			files = (
				F693B9599899288E09E2B050 /* libPods-Example.a in Frameworks */,
			);
			runOnlyForDeploymentPostprocessing = 0;
		};
		07300EA5220287F30014AAF4 /* Frameworks */ = {
			isa = PBXFrameworksBuildPhase;
			buildActionMask = 2147483647;
			files = (
				4808C58BE5E12F46BE112313 /* libPods-ExampleTests.a in Frameworks */,
			);
			runOnlyForDeploymentPostprocessing = 0;
		};
/* End PBXFrameworksBuildPhase section */

/* Begin PBXGroup section */
		07300E87220287F20014AAF4 = {
			isa = PBXGroup;
			children = (
				07300EB7220288FE0014AAF4 /* EPCommonKit */,
				07300E92220287F20014AAF4 /* Example */,
				07300EAB220287F30014AAF4 /* ExampleTests */,
				07300E91220287F20014AAF4 /* Products */,
				D99FC95C43FA7557D68D5D31 /* Pods */,
				67CB08BA7EB06108DBE88A3A /* Frameworks */,
			);
			sourceTree = "<group>";
		};
		07300E91220287F20014AAF4 /* Products */ = {
			isa = PBXGroup;
			children = (
				07300E90220287F20014AAF4 /* Example.app */,
				07300EA8220287F30014AAF4 /* ExampleTests.xctest */,
			);
			name = Products;
			sourceTree = "<group>";
		};
		07300E92220287F20014AAF4 /* Example */ = {
			isa = PBXGroup;
			children = (
				07300E93220287F20014AAF4 /* AppDelegate.h */,
				07300E94220287F20014AAF4 /* AppDelegate.m */,
				07300E96220287F20014AAF4 /* ViewController.h */,
				07300E97220287F20014AAF4 /* ViewController.m */,
				07300E99220287F20014AAF4 /* Main.storyboard */,
				07300E9C220287F30014AAF4 /* Assets.xcassets */,
				07300E9E220287F30014AAF4 /* LaunchScreen.storyboard */,
				07300EA1220287F30014AAF4 /* Info.plist */,
				07300EA2220287F30014AAF4 /* main.m */,
			);
			path = Example;
			sourceTree = "<group>";
		};
		07300EAB220287F30014AAF4 /* ExampleTests */ = {
			isa = PBXGroup;
			children = (
				07300EAC220287F30014AAF4 /* ExampleTests.m */,
				07300EAE220287F30014AAF4 /* Info.plist */,
			);
			path = ExampleTests;
			sourceTree = "<group>";
		};
		07300EB7220288FE0014AAF4 /* EPCommonKit */ = {
			isa = PBXGroup;
			children = (
				07300F202202DD810014AAF4 /* YBImageBrowser */,
				07300EB8220288FE0014AAF4 /* WMPageController */,
				07300EC8220288FE0014AAF4 /* HXTagsView */,
				07300ED3220288FE0014AAF4 /* KLTextView */,
				07300ED6220288FE0014AAF4 /* SDCycleScrollView */,
				07300EE6220288FE0014AAF4 /* LLFullScreenAd */,
			);
			name = EPCommonKit;
			path = ../EPCommonKit;
			sourceTree = "<group>";
		};
		07300EB8220288FE0014AAF4 /* WMPageController */ = {
			isa = PBXGroup;
			children = (
				07300EBC220288FE0014AAF4 /* WMMenuView */,
				07300EB9220288FE0014AAF4 /* WMPanGestureRecognizer.m */,
				07300EBA220288FE0014AAF4 /* WMPageController.m */,
				07300EBB220288FE0014AAF4 /* UIViewController+WMPageController.m */,
				07300EC5220288FE0014AAF4 /* WMPanGestureRecognizer.h */,
				07300EC6220288FE0014AAF4 /* WMPageController.h */,
				07300EC7220288FE0014AAF4 /* UIViewController+WMPageController.h */,
			);
			path = WMPageController;
			sourceTree = "<group>";
		};
		07300EBC220288FE0014AAF4 /* WMMenuView */ = {
			isa = PBXGroup;
			children = (
				07300EBD220288FE0014AAF4 /* WMScrollView.h */,
				07300EBE220288FE0014AAF4 /* WMMenuItem.h */,
				07300EBF220288FE0014AAF4 /* WMMenuView.h */,
				07300EC0220288FE0014AAF4 /* WMProgressView.h */,
				07300EC1220288FE0014AAF4 /* WMMenuItem.m */,
				07300EC2220288FE0014AAF4 /* WMScrollView.m */,
				07300EC3220288FE0014AAF4 /* WMMenuView.m */,
				07300EC4220288FE0014AAF4 /* WMProgressView.m */,
			);
			path = WMMenuView;
			sourceTree = "<group>";
		};
		07300EC8220288FE0014AAF4 /* HXTagsView */ = {
			isa = PBXGroup;
			children = (
				07300EC9220288FE0014AAF4 /* HXTagCollectionViewCell.m */,
				07300ECA220288FE0014AAF4 /* HXTagAttribute.h */,
				07300ECB220288FE0014AAF4 /* HXTagsView.m */,
				07300ECC220288FE0014AAF4 /* HXTagsCell.m */,
				07300ECD220288FE0014AAF4 /* HXTagCollectionViewFlowLayout.h */,
				07300ECE220288FE0014AAF4 /* HXTagAttribute.m */,
				07300ECF220288FE0014AAF4 /* HXTagCollectionViewCell.h */,
				07300ED0220288FE0014AAF4 /* HXTagsView.h */,
				07300ED1220288FE0014AAF4 /* HXTagCollectionViewFlowLayout.m */,
				07300ED2220288FE0014AAF4 /* HXTagsCell.h */,
			);
			path = HXTagsView;
			sourceTree = "<group>";
		};
		07300ED3220288FE0014AAF4 /* KLTextView */ = {
			isa = PBXGroup;
			children = (
				07300ED4220288FE0014AAF4 /* KLTextView.h */,
				07300ED5220288FE0014AAF4 /* KLTextView.m */,
			);
			path = KLTextView;
			sourceTree = "<group>";
		};
		07300ED6220288FE0014AAF4 /* SDCycleScrollView */ = {
			isa = PBXGroup;
			children = (
				07300ED7220288FE0014AAF4 /* UIView+SDExtension.h */,
				07300ED8220288FE0014AAF4 /* SDCycleScrollView.h */,
				07300ED9220288FE0014AAF4 /* SDCollectionViewCell.h */,
				07300EDA220288FE0014AAF4 /* SDCycleScrollView.m */,
				07300EDB220288FE0014AAF4 /* UIView+SDExtension.m */,
				07300EDC220288FE0014AAF4 /* SDCollectionViewCell.m */,
				07300EDD220288FE0014AAF4 /* PageControl */,
			);
			path = SDCycleScrollView;
			sourceTree = "<group>";
		};
		07300EDD220288FE0014AAF4 /* PageControl */ = {
			isa = PBXGroup;
			children = (
				07300EDE220288FE0014AAF4 /* TAAbstractDotView.h */,
				07300EDF220288FE0014AAF4 /* TADotView.m */,
				07300EE0220288FE0014AAF4 /* TAPageControl.m */,
				07300EE1220288FE0014AAF4 /* TAAnimatedDotView.m */,
				07300EE2220288FE0014AAF4 /* TAAbstractDotView.m */,
				07300EE3220288FE0014AAF4 /* TADotView.h */,
				07300EE4220288FE0014AAF4 /* TAAnimatedDotView.h */,
				07300EE5220288FE0014AAF4 /* TAPageControl.h */,
			);
			path = PageControl;
			sourceTree = "<group>";
		};
		07300EE6220288FE0014AAF4 /* LLFullScreenAd */ = {
			isa = PBXGroup;
			children = (
				07300EE7220288FE0014AAF4 /* LLFullScreenAdView.h */,
				07300EE8220288FE0014AAF4 /* LLFullScreenAdView.m */,
			);
			path = LLFullScreenAd;
			sourceTree = "<group>";
		};
		07300F202202DD810014AAF4 /* YBImageBrowser */ = {
			isa = PBXGroup;
			children = (
				07300F212202DD810014AAF4 /* YBImageBrowser.m */,
				07300F222202DD810014AAF4 /* Protocol */,
				07300F292202DD810014AAF4 /* VideoBrowse */,
				07300F332202DD810014AAF4 /* AuxiliaryView */,
				07300F3C2202DD810014AAF4 /* ImageBrowse */,
				07300F442202DD810014AAF4 /* Helper */,
				07300F552202DD810014AAF4 /* Base */,
				07300F5B2202DD810014AAF4 /* YBImageBrowser.h */,
				07300F5C2202DD810014AAF4 /* YBImageBrowser.bundle */,
			);
			path = YBImageBrowser;
			sourceTree = "<group>";
		};
		07300F222202DD810014AAF4 /* Protocol */ = {
			isa = PBXGroup;
			children = (
				07300F232202DD810014AAF4 /* YBImageBrowserSheetViewProtocol.h */,
				07300F242202DD810014AAF4 /* YBImageBrowserCellDataProtocol.h */,
				07300F252202DD810014AAF4 /* YBImageBrowserToolBarProtocol.h */,
				07300F262202DD810014AAF4 /* YBImageBrowserDataSource.h */,
				07300F272202DD810014AAF4 /* YBImageBrowserCellProtocol.h */,
				07300F282202DD810014AAF4 /* YBImageBrowserDelegate.h */,
			);
			path = Protocol;
			sourceTree = "<group>";
		};
		07300F292202DD810014AAF4 /* VideoBrowse */ = {
			isa = PBXGroup;
			children = (
				07300F2A2202DD810014AAF4 /* YBVideoBrowseCell.m */,
				07300F2B2202DD810014AAF4 /* YBVideoBrowseCellData.h */,
				07300F2C2202DD810014AAF4 /* YBVideoBrowseActionBar.m */,
				07300F2D2202DD810014AAF4 /* YBVideoBrowseTopBar.h */,
				07300F2E2202DD810014AAF4 /* YBVideoBrowseCellData+Internal.h */,
				07300F2F2202DD810014AAF4 /* YBVideoBrowseCell.h */,
				07300F302202DD810014AAF4 /* YBVideoBrowseTopBar.m */,
				07300F312202DD810014AAF4 /* YBVideoBrowseCellData.m */,
				07300F322202DD810014AAF4 /* YBVideoBrowseActionBar.h */,
			);
			path = VideoBrowse;
			sourceTree = "<group>";
		};
		07300F332202DD810014AAF4 /* AuxiliaryView */ = {
			isa = PBXGroup;
			children = (
				07300F342202DD810014AAF4 /* YBImageBrowserProgressView.m */,
				07300F352202DD810014AAF4 /* YBImageBrowserToolBar.m */,
				07300F362202DD810014AAF4 /* YBImageBrowserTipView.h */,
				07300F372202DD810014AAF4 /* YBImageBrowserSheetView.h */,
				07300F382202DD810014AAF4 /* YBImageBrowserProgressView.h */,
				07300F392202DD810014AAF4 /* YBImageBrowserTipView.m */,
				07300F3A2202DD810014AAF4 /* YBImageBrowserToolBar.h */,
				07300F3B2202DD810014AAF4 /* YBImageBrowserSheetView.m */,
			);
			path = AuxiliaryView;
			sourceTree = "<group>";
		};
		07300F3C2202DD810014AAF4 /* ImageBrowse */ = {
			isa = PBXGroup;
			children = (
				07300F3D2202DD810014AAF4 /* YBImage.m */,
				07300F3E2202DD810014AAF4 /* YBImageBrowseCellData.m */,
				07300F3F2202DD810014AAF4 /* YBImageBrowseCellData+Internal.h */,
				07300F402202DD810014AAF4 /* YBImageBrowseCell.h */,
				07300F412202DD810014AAF4 /* YBImage.h */,
				07300F422202DD810014AAF4 /* YBImageBrowseCellData.h */,
				07300F432202DD810014AAF4 /* YBImageBrowseCell.m */,
			);
			path = ImageBrowse;
			sourceTree = "<group>";
		};
		07300F442202DD810014AAF4 /* Helper */ = {
			isa = PBXGroup;
			children = (
				07300F452202DD810014AAF4 /* YBIBFileManager.h */,
				07300F462202DD810014AAF4 /* YBIBLayoutDirectionManager.h */,
				07300F472202DD810014AAF4 /* YBIBCopywriter.h */,
				07300F482202DD810014AAF4 /* YBIBUtilities.h */,
				07300F492202DD810014AAF4 /* YBIBWebImageManager.m */,
				07300F4A2202DD810014AAF4 /* YBIBPhotoAlbumManager.h */,
				07300F4B2202DD810014AAF4 /* YBIBTransitionManager.h */,
				07300F4C2202DD810014AAF4 /* YBIBGestureInteractionProfile.h */,
				07300F4D2202DD810014AAF4 /* YBIBFileManager.m */,
				07300F4E2202DD810014AAF4 /* YBIBCopywriter.m */,
				07300F4F2202DD810014AAF4 /* YBIBUtilities.m */,
				07300F502202DD810014AAF4 /* YBIBLayoutDirectionManager.m */,
				07300F512202DD810014AAF4 /* YBIBPhotoAlbumManager.m */,
				07300F522202DD810014AAF4 /* YBIBWebImageManager.h */,
				07300F532202DD810014AAF4 /* YBIBTransitionManager.m */,
				07300F542202DD810014AAF4 /* YBIBGestureInteractionProfile.m */,
			);
			path = Helper;
			sourceTree = "<group>";
		};
		07300F552202DD810014AAF4 /* Base */ = {
			isa = PBXGroup;
			children = (
				07300F562202DD810014AAF4 /* YBImageBrowserView.m */,
				07300F572202DD810014AAF4 /* YBImageBrowser+Internal.h */,
				07300F582202DD810014AAF4 /* YBImageBrowserViewLayout.h */,
				07300F592202DD810014AAF4 /* YBImageBrowserView.h */,
				07300F5A2202DD810014AAF4 /* YBImageBrowserViewLayout.m */,
			);
			path = Base;
			sourceTree = "<group>";
		};
		67CB08BA7EB06108DBE88A3A /* Frameworks */ = {
			isa = PBXGroup;
			children = (
				90696F5A89B593D57BCBF6E3 /* libPods-Example.a */,
				04C3D3499A8B71D4BF73B6B8 /* libPods-ExampleTests.a */,
			);
			name = Frameworks;
			sourceTree = "<group>";
		};
		D99FC95C43FA7557D68D5D31 /* Pods */ = {
			isa = PBXGroup;
			children = (
				74BDCE3FFCE80F77F0E9906E /* Pods-Example.debug.xcconfig */,
				85CE0DD14E69E87604F1EF2E /* Pods-Example.release.xcconfig */,
				3739A77DA9DEF4DABCA9432F /* Pods-ExampleTests.debug.xcconfig */,
				92300F27ED6804EF94F5CEEE /* Pods-ExampleTests.release.xcconfig */,
			);
			name = Pods;
			sourceTree = "<group>";
		};
/* End PBXGroup section */

/* Begin PBXNativeTarget section */
		07300E8F220287F20014AAF4 /* Example */ = {
			isa = PBXNativeTarget;
			buildConfigurationList = 07300EB1220287F30014AAF4 /* Build configuration list for PBXNativeTarget "Example" */;
			buildPhases = (
				1B304D6D8575011A3EC2850F /* [CP] Check Pods Manifest.lock */,
				07300E8C220287F20014AAF4 /* Sources */,
				07300E8D220287F20014AAF4 /* Frameworks */,
				07300E8E220287F20014AAF4 /* Resources */,
			);
			buildRules = (
			);
			dependencies = (
			);
			name = Example;
			productName = Example;
			productReference = 07300E90220287F20014AAF4 /* Example.app */;
			productType = "com.apple.product-type.application";
		};
		07300EA7220287F30014AAF4 /* ExampleTests */ = {
			isa = PBXNativeTarget;
			buildConfigurationList = 07300EB4220287F30014AAF4 /* Build configuration list for PBXNativeTarget "ExampleTests" */;
			buildPhases = (
				2E4F46A4EA9DF09AE2C0AD6B /* [CP] Check Pods Manifest.lock */,
				07300EA4220287F30014AAF4 /* Sources */,
				07300EA5220287F30014AAF4 /* Frameworks */,
				07300EA6220287F30014AAF4 /* Resources */,
			);
			buildRules = (
			);
			dependencies = (
				07300EAA220287F30014AAF4 /* PBXTargetDependency */,
			);
			name = ExampleTests;
			productName = ExampleTests;
			productReference = 07300EA8220287F30014AAF4 /* ExampleTests.xctest */;
			productType = "com.apple.product-type.bundle.unit-test";
		};
/* End PBXNativeTarget section */

/* Begin PBXProject section */
		07300E88220287F20014AAF4 /* Project object */ = {
			isa = PBXProject;
			attributes = {
				LastUpgradeCheck = 1000;
				ORGANIZATIONNAME = epwk;
				TargetAttributes = {
					07300E8F220287F20014AAF4 = {
						CreatedOnToolsVersion = 10.0;
					};
					07300EA7220287F30014AAF4 = {
						CreatedOnToolsVersion = 10.0;
						TestTargetID = 07300E8F220287F20014AAF4;
					};
				};
			};
			buildConfigurationList = 07300E8B220287F20014AAF4 /* Build configuration list for PBXProject "Example" */;
			compatibilityVersion = "Xcode 9.3";
			developmentRegion = en;
			hasScannedForEncodings = 0;
			knownRegions = (
				en,
				Base,
			);
			mainGroup = 07300E87220287F20014AAF4;
			productRefGroup = 07300E91220287F20014AAF4 /* Products */;
			projectDirPath = "";
			projectRoot = "";
			targets = (
				07300E8F220287F20014AAF4 /* Example */,
				07300EA7220287F30014AAF4 /* ExampleTests */,
			);
		};
/* End PBXProject section */

/* Begin PBXResourcesBuildPhase section */
		07300E8E220287F20014AAF4 /* Resources */ = {
			isa = PBXResourcesBuildPhase;
			buildActionMask = 2147483647;
			files = (
				07300EA0220287F30014AAF4 /* LaunchScreen.storyboard in Resources */,
				07300E9D220287F30014AAF4 /* Assets.xcassets in Resources */,
				07300E9B220287F20014AAF4 /* Main.storyboard in Resources */,
				07300F732202DD810014AAF4 /* YBImageBrowser.bundle in Resources */,
			);
			runOnlyForDeploymentPostprocessing = 0;
		};
		07300EA6220287F30014AAF4 /* Resources */ = {
			isa = PBXResourcesBuildPhase;
			buildActionMask = 2147483647;
			files = (
			);
			runOnlyForDeploymentPostprocessing = 0;
		};
/* End PBXResourcesBuildPhase section */

/* Begin PBXShellScriptBuildPhase section */
		1B304D6D8575011A3EC2850F /* [CP] Check Pods Manifest.lock */ = {
			isa = PBXShellScriptBuildPhase;
			buildActionMask = 2147483647;
			files = (
			);
			inputPaths = (
				"${PODS_PODFILE_DIR_PATH}/Podfile.lock",
				"${PODS_ROOT}/Manifest.lock",
			);
			name = "[CP] Check Pods Manifest.lock";
			outputPaths = (
				"$(DERIVED_FILE_DIR)/Pods-Example-checkManifestLockResult.txt",
			);
			runOnlyForDeploymentPostprocessing = 0;
			shellPath = /bin/sh;
			shellScript = "diff \"${PODS_PODFILE_DIR_PATH}/Podfile.lock\" \"${PODS_ROOT}/Manifest.lock\" > /dev/null\nif [ $? != 0 ] ; then\n    # print error to STDERR\n    echo \"error: The sandbox is not in sync with the Podfile.lock. Run 'pod install' or update your CocoaPods installation.\" >&2\n    exit 1\nfi\n# This output is used by Xcode 'outputs' to avoid re-running this script phase.\necho \"SUCCESS\" > \"${SCRIPT_OUTPUT_FILE_0}\"\n";
			showEnvVarsInLog = 0;
		};
		2E4F46A4EA9DF09AE2C0AD6B /* [CP] Check Pods Manifest.lock */ = {
			isa = PBXShellScriptBuildPhase;
			buildActionMask = 2147483647;
			files = (
			);
			inputPaths = (
				"${PODS_PODFILE_DIR_PATH}/Podfile.lock",
				"${PODS_ROOT}/Manifest.lock",
			);
			name = "[CP] Check Pods Manifest.lock";
			outputPaths = (
				"$(DERIVED_FILE_DIR)/Pods-ExampleTests-checkManifestLockResult.txt",
			);
			runOnlyForDeploymentPostprocessing = 0;
			shellPath = /bin/sh;
			shellScript = "diff \"${PODS_PODFILE_DIR_PATH}/Podfile.lock\" \"${PODS_ROOT}/Manifest.lock\" > /dev/null\nif [ $? != 0 ] ; then\n    # print error to STDERR\n    echo \"error: The sandbox is not in sync with the Podfile.lock. Run 'pod install' or update your CocoaPods installation.\" >&2\n    exit 1\nfi\n# This output is used by Xcode 'outputs' to avoid re-running this script phase.\necho \"SUCCESS\" > \"${SCRIPT_OUTPUT_FILE_0}\"\n";
			showEnvVarsInLog = 0;
		};
/* End PBXShellScriptBuildPhase section */

/* Begin PBXSourcesBuildPhase section */
		07300E8C220287F20014AAF4 /* Sources */ = {
			isa = PBXSourcesBuildPhase;
			buildActionMask = 2147483647;
			files = (
				07300F5F2202DD810014AAF4 /* YBVideoBrowseActionBar.m in Sources */,
				07300EEC220288FE0014AAF4 /* WMMenuItem.m in Sources */,
				07300EFC220288FE0014AAF4 /* TAAbstractDotView.m in Sources */,
				07300F612202DD810014AAF4 /* YBVideoBrowseCellData.m in Sources */,
				07300F722202DD810014AAF4 /* YBImageBrowserViewLayout.m in Sources */,
				07300F6B2202DD810014AAF4 /* YBIBCopywriter.m in Sources */,
				07300EEE220288FE0014AAF4 /* WMMenuView.m in Sources */,
				07300F6A2202DD810014AAF4 /* YBIBFileManager.m in Sources */,
				07300E98220287F20014AAF4 /* ViewController.m in Sources */,
				07300F632202DD810014AAF4 /* YBImageBrowserToolBar.m in Sources */,
				07300EF3220288FE0014AAF4 /* HXTagAttribute.m in Sources */,
				07300EF4220288FE0014AAF4 /* HXTagCollectionViewFlowLayout.m in Sources */,
				07300F6F2202DD810014AAF4 /* YBIBTransitionManager.m in Sources */,
				07300EEA220288FE0014AAF4 /* WMPageController.m in Sources */,
				07300F6C2202DD810014AAF4 /* YBIBUtilities.m in Sources */,
				07300F662202DD810014AAF4 /* YBImage.m in Sources */,
				07300EE9220288FE0014AAF4 /* WMPanGestureRecognizer.m in Sources */,
				07300EA3220287F30014AAF4 /* main.m in Sources */,
				07300EF2220288FE0014AAF4 /* HXTagsCell.m in Sources */,
				07300EF9220288FE0014AAF4 /* TADotView.m in Sources */,
				07300EFB220288FE0014AAF4 /* TAAnimatedDotView.m in Sources */,
				07300F5E2202DD810014AAF4 /* YBVideoBrowseCell.m in Sources */,
				07300EF8220288FE0014AAF4 /* SDCollectionViewCell.m in Sources */,
				07300F682202DD810014AAF4 /* YBImageBrowseCell.m in Sources */,
				07300E95220287F20014AAF4 /* AppDelegate.m in Sources */,
				07300F602202DD810014AAF4 /* YBVideoBrowseTopBar.m in Sources */,
				07300EF0220288FE0014AAF4 /* HXTagCollectionViewCell.m in Sources */,
				07300F622202DD810014AAF4 /* YBImageBrowserProgressView.m in Sources */,
				07300EEF220288FE0014AAF4 /* WMProgressView.m in Sources */,
				07300F692202DD810014AAF4 /* YBIBWebImageManager.m in Sources */,
				07300EFA220288FE0014AAF4 /* TAPageControl.m in Sources */,
				07300F652202DD810014AAF4 /* YBImageBrowserSheetView.m in Sources */,
				07300EF1220288FE0014AAF4 /* HXTagsView.m in Sources */,
				07300EFD220288FE0014AAF4 /* LLFullScreenAdView.m in Sources */,
				07300F6D2202DD810014AAF4 /* YBIBLayoutDirectionManager.m in Sources */,
				07300EF7220288FE0014AAF4 /* UIView+SDExtension.m in Sources */,
				07300EEB220288FE0014AAF4 /* UIViewController+WMPageController.m in Sources */,
				07300F702202DD810014AAF4 /* YBIBGestureInteractionProfile.m in Sources */,
				07300EF5220288FE0014AAF4 /* KLTextView.m in Sources */,
				07300F642202DD810014AAF4 /* YBImageBrowserTipView.m in Sources */,
				07300F5D2202DD810014AAF4 /* YBImageBrowser.m in Sources */,
				07300F6E2202DD810014AAF4 /* YBIBPhotoAlbumManager.m in Sources */,
				07300EED220288FE0014AAF4 /* WMScrollView.m in Sources */,
				07300EF6220288FE0014AAF4 /* SDCycleScrollView.m in Sources */,
				07300F672202DD810014AAF4 /* YBImageBrowseCellData.m in Sources */,
				07300F712202DD810014AAF4 /* YBImageBrowserView.m in Sources */,
			);
			runOnlyForDeploymentPostprocessing = 0;
		};
		07300EA4220287F30014AAF4 /* Sources */ = {
			isa = PBXSourcesBuildPhase;
			buildActionMask = 2147483647;
			files = (
				07300EAD220287F30014AAF4 /* ExampleTests.m in Sources */,
			);
			runOnlyForDeploymentPostprocessing = 0;
		};
/* End PBXSourcesBuildPhase section */

/* Begin PBXTargetDependency section */
		07300EAA220287F30014AAF4 /* PBXTargetDependency */ = {
			isa = PBXTargetDependency;
			target = 07300E8F220287F20014AAF4 /* Example */;
			targetProxy = 07300EA9220287F30014AAF4 /* PBXContainerItemProxy */;
		};
/* End PBXTargetDependency section */

/* Begin PBXVariantGroup section */
		07300E99220287F20014AAF4 /* Main.storyboard */ = {
			isa = PBXVariantGroup;
			children = (
				07300E9A220287F20014AAF4 /* Base */,
			);
			name = Main.storyboard;
			sourceTree = "<group>";
		};
		07300E9E220287F30014AAF4 /* LaunchScreen.storyboard */ = {
			isa = PBXVariantGroup;
			children = (
				07300E9F220287F30014AAF4 /* Base */,
			);
			name = LaunchScreen.storyboard;
			sourceTree = "<group>";
		};
/* End PBXVariantGroup section */

/* Begin XCBuildConfiguration section */
		07300EAF220287F30014AAF4 /* Debug */ = {
			isa = XCBuildConfiguration;
			buildSettings = {
				ALWAYS_SEARCH_USER_PATHS = NO;
				CLANG_ANALYZER_NONNULL = YES;
				CLANG_ANALYZER_NUMBER_OBJECT_CONVERSION = YES_AGGRESSIVE;
				CLANG_CXX_LANGUAGE_STANDARD = "gnu++14";
				CLANG_CXX_LIBRARY = "libc++";
				CLANG_ENABLE_MODULES = YES;
				CLANG_ENABLE_OBJC_ARC = YES;
				CLANG_ENABLE_OBJC_WEAK = YES;
				CLANG_WARN_BLOCK_CAPTURE_AUTORELEASING = YES;
				CLANG_WARN_BOOL_CONVERSION = YES;
				CLANG_WARN_COMMA = YES;
				CLANG_WARN_CONSTANT_CONVERSION = YES;
				CLANG_WARN_DEPRECATED_OBJC_IMPLEMENTATIONS = YES;
				CLANG_WARN_DIRECT_OBJC_ISA_USAGE = YES_ERROR;
				CLANG_WARN_DOCUMENTATION_COMMENTS = YES;
				CLANG_WARN_EMPTY_BODY = YES;
				CLANG_WARN_ENUM_CONVERSION = YES;
				CLANG_WARN_INFINITE_RECURSION = YES;
				CLANG_WARN_INT_CONVERSION = YES;
				CLANG_WARN_NON_LITERAL_NULL_CONVERSION = YES;
				CLANG_WARN_OBJC_IMPLICIT_RETAIN_SELF = YES;
				CLANG_WARN_OBJC_LITERAL_CONVERSION = YES;
				CLANG_WARN_OBJC_ROOT_CLASS = YES_ERROR;
				CLANG_WARN_RANGE_LOOP_ANALYSIS = YES;
				CLANG_WARN_STRICT_PROTOTYPES = YES;
				CLANG_WARN_SUSPICIOUS_MOVE = YES;
				CLANG_WARN_UNGUARDED_AVAILABILITY = YES_AGGRESSIVE;
				CLANG_WARN_UNREACHABLE_CODE = YES;
				CLANG_WARN__DUPLICATE_METHOD_MATCH = YES;
				CODE_SIGN_IDENTITY = "iPhone Developer";
				COPY_PHASE_STRIP = NO;
				DEBUG_INFORMATION_FORMAT = dwarf;
				ENABLE_STRICT_OBJC_MSGSEND = YES;
				ENABLE_TESTABILITY = YES;
				GCC_C_LANGUAGE_STANDARD = gnu11;
				GCC_DYNAMIC_NO_PIC = NO;
				GCC_NO_COMMON_BLOCKS = YES;
				GCC_OPTIMIZATION_LEVEL = 0;
				GCC_PREPROCESSOR_DEFINITIONS = (
					"DEBUG=1",
					"$(inherited)",
				);
				GCC_WARN_64_TO_32_BIT_CONVERSION = YES;
				GCC_WARN_ABOUT_RETURN_TYPE = YES_ERROR;
				GCC_WARN_UNDECLARED_SELECTOR = YES;
				GCC_WARN_UNINITIALIZED_AUTOS = YES_AGGRESSIVE;
				GCC_WARN_UNUSED_FUNCTION = YES;
				GCC_WARN_UNUSED_VARIABLE = YES;
				IPHONEOS_DEPLOYMENT_TARGET = 12.0;
				MTL_ENABLE_DEBUG_INFO = INCLUDE_SOURCE;
				MTL_FAST_MATH = YES;
				ONLY_ACTIVE_ARCH = YES;
				SDKROOT = iphoneos;
			};
			name = Debug;
		};
		07300EB0220287F30014AAF4 /* Release */ = {
			isa = XCBuildConfiguration;
			buildSettings = {
				ALWAYS_SEARCH_USER_PATHS = NO;
				CLANG_ANALYZER_NONNULL = YES;
				CLANG_ANALYZER_NUMBER_OBJECT_CONVERSION = YES_AGGRESSIVE;
				CLANG_CXX_LANGUAGE_STANDARD = "gnu++14";
				CLANG_CXX_LIBRARY = "libc++";
				CLANG_ENABLE_MODULES = YES;
				CLANG_ENABLE_OBJC_ARC = YES;
				CLANG_ENABLE_OBJC_WEAK = YES;
				CLANG_WARN_BLOCK_CAPTURE_AUTORELEASING = YES;
				CLANG_WARN_BOOL_CONVERSION = YES;
				CLANG_WARN_COMMA = YES;
				CLANG_WARN_CONSTANT_CONVERSION = YES;
				CLANG_WARN_DEPRECATED_OBJC_IMPLEMENTATIONS = YES;
				CLANG_WARN_DIRECT_OBJC_ISA_USAGE = YES_ERROR;
				CLANG_WARN_DOCUMENTATION_COMMENTS = YES;
				CLANG_WARN_EMPTY_BODY = YES;
				CLANG_WARN_ENUM_CONVERSION = YES;
				CLANG_WARN_INFINITE_RECURSION = YES;
				CLANG_WARN_INT_CONVERSION = YES;
				CLANG_WARN_NON_LITERAL_NULL_CONVERSION = YES;
				CLANG_WARN_OBJC_IMPLICIT_RETAIN_SELF = YES;
				CLANG_WARN_OBJC_LITERAL_CONVERSION = YES;
				CLANG_WARN_OBJC_ROOT_CLASS = YES_ERROR;
				CLANG_WARN_RANGE_LOOP_ANALYSIS = YES;
				CLANG_WARN_STRICT_PROTOTYPES = YES;
				CLANG_WARN_SUSPICIOUS_MOVE = YES;
				CLANG_WARN_UNGUARDED_AVAILABILITY = YES_AGGRESSIVE;
				CLANG_WARN_UNREACHABLE_CODE = YES;
				CLANG_WARN__DUPLICATE_METHOD_MATCH = YES;
				CODE_SIGN_IDENTITY = "iPhone Developer";
				COPY_PHASE_STRIP = NO;
				DEBUG_INFORMATION_FORMAT = "dwarf-with-dsym";
				ENABLE_NS_ASSERTIONS = NO;
				ENABLE_STRICT_OBJC_MSGSEND = YES;
				GCC_C_LANGUAGE_STANDARD = gnu11;
				GCC_NO_COMMON_BLOCKS = YES;
				GCC_WARN_64_TO_32_BIT_CONVERSION = YES;
				GCC_WARN_ABOUT_RETURN_TYPE = YES_ERROR;
				GCC_WARN_UNDECLARED_SELECTOR = YES;
				GCC_WARN_UNINITIALIZED_AUTOS = YES_AGGRESSIVE;
				GCC_WARN_UNUSED_FUNCTION = YES;
				GCC_WARN_UNUSED_VARIABLE = YES;
				IPHONEOS_DEPLOYMENT_TARGET = 12.0;
				MTL_ENABLE_DEBUG_INFO = NO;
				MTL_FAST_MATH = YES;
				SDKROOT = iphoneos;
				VALIDATE_PRODUCT = YES;
			};
			name = Release;
		};
		07300EB2220287F30014AAF4 /* Debug */ = {
			isa = XCBuildConfiguration;
			baseConfigurationReference = 74BDCE3FFCE80F77F0E9906E /* Pods-Example.debug.xcconfig */;
			buildSettings = {
				ASSETCATALOG_COMPILER_APPICON_NAME = AppIcon;
				CODE_SIGN_STYLE = Automatic;
				INFOPLIST_FILE = Example/Info.plist;
				IPHONEOS_DEPLOYMENT_TARGET = 9.0;
				LD_RUNPATH_SEARCH_PATHS = (
					"$(inherited)",
					"@executable_path/Frameworks",
				);
				PRODUCT_BUNDLE_IDENTIFIER = com.epwk.Example;
				PRODUCT_NAME = "$(TARGET_NAME)";
				TARGETED_DEVICE_FAMILY = "1,2";
			};
			name = Debug;
		};
		07300EB3220287F30014AAF4 /* Release */ = {
			isa = XCBuildConfiguration;
			baseConfigurationReference = 85CE0DD14E69E87604F1EF2E /* Pods-Example.release.xcconfig */;
			buildSettings = {
				ASSETCATALOG_COMPILER_APPICON_NAME = AppIcon;
				CODE_SIGN_STYLE = Automatic;
				INFOPLIST_FILE = Example/Info.plist;
				IPHONEOS_DEPLOYMENT_TARGET = 9.0;
				LD_RUNPATH_SEARCH_PATHS = (
					"$(inherited)",
					"@executable_path/Frameworks",
				);
				PRODUCT_BUNDLE_IDENTIFIER = com.epwk.Example;
				PRODUCT_NAME = "$(TARGET_NAME)";
				TARGETED_DEVICE_FAMILY = "1,2";
			};
			name = Release;
		};
		07300EB5220287F30014AAF4 /* Debug */ = {
			isa = XCBuildConfiguration;
			baseConfigurationReference = 3739A77DA9DEF4DABCA9432F /* Pods-ExampleTests.debug.xcconfig */;
			buildSettings = {
				BUNDLE_LOADER = "$(TEST_HOST)";
				CODE_SIGN_STYLE = Automatic;
				INFOPLIST_FILE = ExampleTests/Info.plist;
				LD_RUNPATH_SEARCH_PATHS = (
					"$(inherited)",
					"@executable_path/Frameworks",
					"@loader_path/Frameworks",
				);
				PRODUCT_BUNDLE_IDENTIFIER = com.epwk.ExampleTests;
				PRODUCT_NAME = "$(TARGET_NAME)";
				TARGETED_DEVICE_FAMILY = "1,2";
				TEST_HOST = "$(BUILT_PRODUCTS_DIR)/Example.app/Example";
			};
			name = Debug;
		};
		07300EB6220287F30014AAF4 /* Release */ = {
			isa = XCBuildConfiguration;
			baseConfigurationReference = 92300F27ED6804EF94F5CEEE /* Pods-ExampleTests.release.xcconfig */;
			buildSettings = {
				BUNDLE_LOADER = "$(TEST_HOST)";
				CODE_SIGN_STYLE = Automatic;
				INFOPLIST_FILE = ExampleTests/Info.plist;
				LD_RUNPATH_SEARCH_PATHS = (
					"$(inherited)",
					"@executable_path/Frameworks",
					"@loader_path/Frameworks",
				);
				PRODUCT_BUNDLE_IDENTIFIER = com.epwk.ExampleTests;
				PRODUCT_NAME = "$(TARGET_NAME)";
				TARGETED_DEVICE_FAMILY = "1,2";
				TEST_HOST = "$(BUILT_PRODUCTS_DIR)/Example.app/Example";
			};
			name = Release;
		};
/* End XCBuildConfiguration section */

/* Begin XCConfigurationList section */
		07300E8B220287F20014AAF4 /* Build configuration list for PBXProject "Example" */ = {
			isa = XCConfigurationList;
			buildConfigurations = (
				07300EAF220287F30014AAF4 /* Debug */,
				07300EB0220287F30014AAF4 /* Release */,
			);
			defaultConfigurationIsVisible = 0;
			defaultConfigurationName = Release;
		};
		07300EB1220287F30014AAF4 /* Build configuration list for PBXNativeTarget "Example" */ = {
			isa = XCConfigurationList;
			buildConfigurations = (
				07300EB2220287F30014AAF4 /* Debug */,
				07300EB3220287F30014AAF4 /* Release */,
			);
			defaultConfigurationIsVisible = 0;
			defaultConfigurationName = Release;
		};
		07300EB4220287F30014AAF4 /* Build configuration list for PBXNativeTarget "ExampleTests" */ = {
			isa = XCConfigurationList;
			buildConfigurations = (
				07300EB5220287F30014AAF4 /* Debug */,
				07300EB6220287F30014AAF4 /* Release */,
			);
			defaultConfigurationIsVisible = 0;
			defaultConfigurationName = Release;
		};
/* End XCConfigurationList section */
	};
	rootObject = 07300E88220287F20014AAF4 /* Project object */;
}
